
Microsoft Visual Studio Solution File, Format Version 12.00
# Visual Studio Version 17
VisualStudioVersion = 17.7.34018.315
MinimumVisualStudioVersion = 10.0.40219.1
Project("{9A19103F-16F7-4668-BE54-9A1E7A4F7556}") = "Hector.Core", "Hector.Core\Hector.Core.csproj", "{5D0AF362-6CCC-440B-B2DA-0DC9268DD0F2}"
EndProject
Project("{9A19103F-16F7-4668-BE54-9A1E7A4F7556}") = "Hector.Data", "Hector.Data\Hector.Data.csproj", "{DF55CF1C-493A-42F0-B0A1-B00B0C0EC8C3}"
EndProject
Project("{9A19103F-16F7-4668-BE54-9A1E7A4F7556}") = "Hector.Data.SqlServer", "Hector.Data.SqlServer\Hector.Data.SqlServer.csproj", "{5D18E693-567D-4B73-AF8A-47ABDF4BDCFD}"
EndProject
Project("{9A19103F-16F7-4668-BE54-9A1E7A4F7556}") = "Hector.Core.DependencyInjection", "Hector.Core.DependencyInjection\Hector.Core.DependencyInjection.csproj", "{11CFA8E9-2730-4BC9-B20F-A9C47F53224E}"
EndProject
Project("{9A19103F-16F7-4668-BE54-9A1E7A4F7556}") = "Hector.Data.Oracle", "Hector.Data.Oracle\Hector.Data.Oracle.csproj", "{8AE69891-157F-4FA9-8F12-1BB31A37B77A}"
EndProject
Project("{9A19103F-16F7-4668-BE54-9A1E7A4F7556}") = "Hector.Core.PDF", "Hector.Core.PDF\Hector.Core.PDF.csproj", "{7D47A0B5-821F-4F50-A98C-7FD12922D4F9}"
EndProject
Project("{FAE04EC0-301F-11D3-BF4B-00C04F79EFBC}") = "Hector.Core.Reflection", "Hector.Core.Reflection\Hector.Core.Reflection.csproj", "{7E4BC71F-582D-416F-92FC-6330FEEA7025}"
EndProject
Project("{FAE04EC0-301F-11D3-BF4B-00C04F79EFBC}") = "Hector.Core.Mail", "Hector.Core.Mail\Hector.Core.Mail.csproj", "{1F7BE42B-CB62-4C9F-B44B-DD1D0EEA91E0}"
EndProject
Global
	GlobalSection(SolutionConfigurationPlatforms) = preSolution
		Debug|Any CPU = Debug|Any CPU
		Release|Any CPU = Release|Any CPU
	EndGlobalSection
	GlobalSection(ProjectConfigurationPlatforms) = postSolution
		{5D0AF362-6CCC-440B-B2DA-0DC9268DD0F2}.Debug|Any CPU.ActiveCfg = Debug|Any CPU
		{5D0AF362-6CCC-440B-B2DA-0DC9268DD0F2}.Debug|Any CPU.Build.0 = Debug|Any CPU
		{5D0AF362-6CCC-440B-B2DA-0DC9268DD0F2}.Release|Any CPU.ActiveCfg = Release|Any CPU
		{5D0AF362-6CCC-440B-B2DA-0DC9268DD0F2}.Release|Any CPU.Build.0 = Release|Any CPU
		{DF55CF1C-493A-42F0-B0A1-B00B0C0EC8C3}.Debug|Any CPU.ActiveCfg = Debug|Any CPU
		{DF55CF1C-493A-42F0-B0A1-B00B0C0EC8C3}.Debug|Any CPU.Build.0 = Debug|Any CPU
		{DF55CF1C-493A-42F0-B0A1-B00B0C0EC8C3}.Release|Any CPU.ActiveCfg = Release|Any CPU
		{DF55CF1C-493A-42F0-B0A1-B00B0C0EC8C3}.Release|Any CPU.Build.0 = Release|Any CPU
		{5D18E693-567D-4B73-AF8A-47ABDF4BDCFD}.Debug|Any CPU.ActiveCfg = Debug|Any CPU
		{5D18E693-567D-4B73-AF8A-47ABDF4BDCFD}.Debug|Any CPU.Build.0 = Debug|Any CPU
		{5D18E693-567D-4B73-AF8A-47ABDF4BDCFD}.Release|Any CPU.ActiveCfg = Release|Any CPU
		{5D18E693-567D-4B73-AF8A-47ABDF4BDCFD}.Release|Any CPU.Build.0 = Release|Any CPU
		{11CFA8E9-2730-4BC9-B20F-A9C47F53224E}.Debug|Any CPU.ActiveCfg = Debug|Any CPU
		{11CFA8E9-2730-4BC9-B20F-A9C47F53224E}.Debug|Any CPU.Build.0 = Debug|Any CPU
		{11CFA8E9-2730-4BC9-B20F-A9C47F53224E}.Release|Any CPU.ActiveCfg = Release|Any CPU
		{11CFA8E9-2730-4BC9-B20F-A9C47F53224E}.Release|Any CPU.Build.0 = Release|Any CPU
		{8AE69891-157F-4FA9-8F12-1BB31A37B77A}.Debug|Any CPU.ActiveCfg = Debug|Any CPU
		{8AE69891-157F-4FA9-8F12-1BB31A37B77A}.Debug|Any CPU.Build.0 = Debug|Any CPU
		{8AE69891-157F-4FA9-8F12-1BB31A37B77A}.Release|Any CPU.ActiveCfg = Release|Any CPU
		{8AE69891-157F-4FA9-8F12-1BB31A37B77A}.Release|Any CPU.Build.0 = Release|Any CPU
		{7D47A0B5-821F-4F50-A98C-7FD12922D4F9}.Debug|Any CPU.ActiveCfg = Debug|Any CPU
		{7D47A0B5-821F-4F50-A98C-7FD12922D4F9}.Debug|Any CPU.Build.0 = Debug|Any CPU
		{7D47A0B5-821F-4F50-A98C-7FD12922D4F9}.Release|Any CPU.ActiveCfg = Release|Any CPU
		{7D47A0B5-821F-4F50-A98C-7FD12922D4F9}.Release|Any CPU.Build.0 = Release|Any CPU
		{7E4BC71F-582D-416F-92FC-6330FEEA7025}.Debug|Any CPU.ActiveCfg = Debug|Any CPU
		{7E4BC71F-582D-416F-92FC-6330FEEA7025}.Debug|Any CPU.Build.0 = Debug|Any CPU
		{7E4BC71F-582D-416F-92FC-6330FEEA7025}.Release|Any CPU.ActiveCfg = Release|Any CPU
		{7E4BC71F-582D-416F-92FC-6330FEEA7025}.Release|Any CPU.Build.0 = Release|Any CPU
		{1F7BE42B-CB62-4C9F-B44B-DD1D0EEA91E0}.Debug|Any CPU.ActiveCfg = Debug|Any CPU
		{1F7BE42B-CB62-4C9F-B44B-DD1D0EEA91E0}.Debug|Any CPU.Build.0 = Debug|Any CPU
		{1F7BE42B-CB62-4C9F-B44B-DD1D0EEA91E0}.Release|Any CPU.ActiveCfg = Release|Any CPU
		{1F7BE42B-CB62-4C9F-B44B-DD1D0EEA91E0}.Release|Any CPU.Build.0 = Release|Any CPU
	EndGlobalSection
	GlobalSection(SolutionProperties) = preSolution
		HideSolutionNode = FALSE
	EndGlobalSection
	GlobalSection(ExtensibilityGlobals) = postSolution
		SolutionGuid = {A5E9505D-389A-48BF-9622-6A26A3151696}
	EndGlobalSection
EndGlobal
