
Microsoft Visual Studio Solution File, Format Version 12.00
# Visual Studio Version 17
VisualStudioVersion = 17.7.34018.315
MinimumVisualStudioVersion = 10.0.40219.1
Project("{9A19103F-16F7-4668-BE54-9A1E7A4F7556}") = "Hector", "Hector\Hector.csproj", "{5D0AF362-6CCC-440B-B2DA-0DC9268DD0F2}"
EndProject
Project("{9A19103F-16F7-4668-BE54-9A1E7A4F7556}") = "Hector.Data", "Hector.Data\Hector.Data.csproj", "{DF55CF1C-493A-42F0-B0A1-B00B0C0EC8C3}"
EndProject
Project("{9A19103F-16F7-4668-BE54-9A1E7A4F7556}") = "Hector.Data.SqlServer", "Hector.Data.SqlServer\Hector.Data.SqlServer.csproj", "{5D18E693-567D-4B73-AF8A-47ABDF4BDCFD}"
EndProject
Project("{9A19103F-16F7-4668-BE54-9A1E7A4F7556}") = "Hector.DependencyInjection", "Hector.DependencyInjection\Hector.DependencyInjection.csproj", "{11CFA8E9-2730-4BC9-B20F-A9C47F53224E}"
EndProject
Project("{9A19103F-16F7-4668-BE54-9A1E7A4F7556}") = "Hector.Data.Oracle", "Hector.Data.Oracle\Hector.Data.Oracle.csproj", "{8AE69891-157F-4FA9-8F12-1BB31A37B77A}"
EndProject
Project("{9A19103F-16F7-4668-BE54-9A1E7A4F7556}") = "Hector.PDF", "Hector.PDF\Hector.PDF.csproj", "{7D47A0B5-821F-4F50-A98C-7FD12922D4F9}"
EndProject
Project("{9A19103F-16F7-4668-BE54-9A1E7A4F7556}") = "Hector.Reflection", "Hector.Reflection\Hector.Reflection.csproj", "{7E4BC71F-582D-416F-92FC-6330FEEA7025}"
EndProject
Project("{9A19103F-16F7-4668-BE54-9A1E7A4F7556}") = "Hector.Mail", "Hector.Mail\Hector.Mail.csproj", "{1F7BE42B-CB62-4C9F-B44B-DD1D0EEA91E0}"
EndProject
Project("{9A19103F-16F7-4668-BE54-9A1E7A4F7556}") = "Hector.Tests", "Hector.Tests\Hector.Tests.csproj", "{8170ECDB-6F78-4CB3-99B4-7D184512203B}"
EndProject
Project("{FAE04EC0-301F-11D3-BF4B-00C04F79EFBC}") = "Hector.Json", "Hector.Json\Hector.Json.csproj", "{F963F75D-6E6C-4AC3-B98B-1B7327F2391B}"
EndProject
Project("{FAE04EC0-301F-11D3-BF4B-00C04F79EFBC}") = "Hector.Tests.NetFramework", "Hector.Tests.NetFramework\Hector.Tests.NetFramework.csproj", "{6B4EC4EB-ADF1-4EEF-BF81-430E34FF08DB}"
EndProject
Project("{2150E333-8FDC-42A3-9474-1A3956D46DE8}") = "Tests", "Tests", "{02C5F1F6-81D1-48E5-AFAE-9F593E7F3583}"
EndProject
Project("{2150E333-8FDC-42A3-9474-1A3956D46DE8}") = "Data", "Data", "{949AEFDF-4834-4597-A739-4766DD10B1A6}"
EndProject
Global
	GlobalSection(SolutionConfigurationPlatforms) = preSolution
		Debug|Any CPU = Debug|Any CPU
		Release|Any CPU = Release|Any CPU
	EndGlobalSection
	GlobalSection(ProjectConfigurationPlatforms) = postSolution
		{5D0AF362-6CCC-440B-B2DA-0DC9268DD0F2}.Debug|Any CPU.ActiveCfg = Debug|Any CPU
		{5D0AF362-6CCC-440B-B2DA-0DC9268DD0F2}.Debug|Any CPU.Build.0 = Debug|Any CPU
		{5D0AF362-6CCC-440B-B2DA-0DC9268DD0F2}.Release|Any CPU.ActiveCfg = Release|Any CPU
		{5D0AF362-6CCC-440B-B2DA-0DC9268DD0F2}.Release|Any CPU.Build.0 = Release|Any CPU
		{DF55CF1C-493A-42F0-B0A1-B00B0C0EC8C3}.Debug|Any CPU.ActiveCfg = Debug|Any CPU
		{DF55CF1C-493A-42F0-B0A1-B00B0C0EC8C3}.Debug|Any CPU.Build.0 = Debug|Any CPU
		{DF55CF1C-493A-42F0-B0A1-B00B0C0EC8C3}.Release|Any CPU.ActiveCfg = Release|Any CPU
		{DF55CF1C-493A-42F0-B0A1-B00B0C0EC8C3}.Release|Any CPU.Build.0 = Release|Any CPU
		{5D18E693-567D-4B73-AF8A-47ABDF4BDCFD}.Debug|Any CPU.ActiveCfg = Debug|Any CPU
		{5D18E693-567D-4B73-AF8A-47ABDF4BDCFD}.Debug|Any CPU.Build.0 = Debug|Any CPU
		{5D18E693-567D-4B73-AF8A-47ABDF4BDCFD}.Release|Any CPU.ActiveCfg = Release|Any CPU
		{5D18E693-567D-4B73-AF8A-47ABDF4BDCFD}.Release|Any CPU.Build.0 = Release|Any CPU
		{11CFA8E9-2730-4BC9-B20F-A9C47F53224E}.Debug|Any CPU.ActiveCfg = Debug|Any CPU
		{11CFA8E9-2730-4BC9-B20F-A9C47F53224E}.Debug|Any CPU.Build.0 = Debug|Any CPU
		{11CFA8E9-2730-4BC9-B20F-A9C47F53224E}.Release|Any CPU.ActiveCfg = Release|Any CPU
		{11CFA8E9-2730-4BC9-B20F-A9C47F53224E}.Release|Any CPU.Build.0 = Release|Any CPU
		{8AE69891-157F-4FA9-8F12-1BB31A37B77A}.Debug|Any CPU.ActiveCfg = Debug|Any CPU
		{8AE69891-157F-4FA9-8F12-1BB31A37B77A}.Debug|Any CPU.Build.0 = Debug|Any CPU
		{8AE69891-157F-4FA9-8F12-1BB31A37B77A}.Release|Any CPU.ActiveCfg = Release|Any CPU
		{8AE69891-157F-4FA9-8F12-1BB31A37B77A}.Release|Any CPU.Build.0 = Release|Any CPU
		{7D47A0B5-821F-4F50-A98C-7FD12922D4F9}.Debug|Any CPU.ActiveCfg = Debug|Any CPU
		{7D47A0B5-821F-4F50-A98C-7FD12922D4F9}.Debug|Any CPU.Build.0 = Debug|Any CPU
		{7D47A0B5-821F-4F50-A98C-7FD12922D4F9}.Release|Any CPU.ActiveCfg = Release|Any CPU
		{7D47A0B5-821F-4F50-A98C-7FD12922D4F9}.Release|Any CPU.Build.0 = Release|Any CPU
		{7E4BC71F-582D-416F-92FC-6330FEEA7025}.Debug|Any CPU.ActiveCfg = Debug|Any CPU
		{7E4BC71F-582D-416F-92FC-6330FEEA7025}.Debug|Any CPU.Build.0 = Debug|Any CPU
		{7E4BC71F-582D-416F-92FC-6330FEEA7025}.Release|Any CPU.ActiveCfg = Release|Any CPU
		{7E4BC71F-582D-416F-92FC-6330FEEA7025}.Release|Any CPU.Build.0 = Release|Any CPU
		{1F7BE42B-CB62-4C9F-B44B-DD1D0EEA91E0}.Debug|Any CPU.ActiveCfg = Debug|Any CPU
		{1F7BE42B-CB62-4C9F-B44B-DD1D0EEA91E0}.Debug|Any CPU.Build.0 = Debug|Any CPU
		{1F7BE42B-CB62-4C9F-B44B-DD1D0EEA91E0}.Release|Any CPU.ActiveCfg = Release|Any CPU
		{1F7BE42B-CB62-4C9F-B44B-DD1D0EEA91E0}.Release|Any CPU.Build.0 = Release|Any CPU
		{8170ECDB-6F78-4CB3-99B4-7D184512203B}.Debug|Any CPU.ActiveCfg = Debug|Any CPU
		{8170ECDB-6F78-4CB3-99B4-7D184512203B}.Debug|Any CPU.Build.0 = Debug|Any CPU
		{8170ECDB-6F78-4CB3-99B4-7D184512203B}.Release|Any CPU.ActiveCfg = Release|Any CPU
		{8170ECDB-6F78-4CB3-99B4-7D184512203B}.Release|Any CPU.Build.0 = Release|Any CPU
		{F963F75D-6E6C-4AC3-B98B-1B7327F2391B}.Debug|Any CPU.ActiveCfg = Debug|Any CPU
		{F963F75D-6E6C-4AC3-B98B-1B7327F2391B}.Debug|Any CPU.Build.0 = Debug|Any CPU
		{F963F75D-6E6C-4AC3-B98B-1B7327F2391B}.Release|Any CPU.ActiveCfg = Release|Any CPU
		{F963F75D-6E6C-4AC3-B98B-1B7327F2391B}.Release|Any CPU.Build.0 = Release|Any CPU
		{6B4EC4EB-ADF1-4EEF-BF81-430E34FF08DB}.Debug|Any CPU.ActiveCfg = Debug|Any CPU
		{6B4EC4EB-ADF1-4EEF-BF81-430E34FF08DB}.Debug|Any CPU.Build.0 = Debug|Any CPU
		{6B4EC4EB-ADF1-4EEF-BF81-430E34FF08DB}.Release|Any CPU.ActiveCfg = Release|Any CPU
		{6B4EC4EB-ADF1-4EEF-BF81-430E34FF08DB}.Release|Any CPU.Build.0 = Release|Any CPU
	EndGlobalSection
	GlobalSection(SolutionProperties) = preSolution
		HideSolutionNode = FALSE
	EndGlobalSection
	GlobalSection(NestedProjects) = preSolution
		{DF55CF1C-493A-42F0-B0A1-B00B0C0EC8C3} = {949AEFDF-4834-4597-A739-4766DD10B1A6}
		{5D18E693-567D-4B73-AF8A-47ABDF4BDCFD} = {949AEFDF-4834-4597-A739-4766DD10B1A6}
		{8AE69891-157F-4FA9-8F12-1BB31A37B77A} = {949AEFDF-4834-4597-A739-4766DD10B1A6}
		{8170ECDB-6F78-4CB3-99B4-7D184512203B} = {02C5F1F6-81D1-48E5-AFAE-9F593E7F3583}
		{6B4EC4EB-ADF1-4EEF-BF81-430E34FF08DB} = {02C5F1F6-81D1-48E5-AFAE-9F593E7F3583}
	EndGlobalSection
	GlobalSection(ExtensibilityGlobals) = postSolution
		SolutionGuid = {A5E9505D-389A-48BF-9622-6A26A3151696}
	EndGlobalSection
EndGlobal
